// !$*UTF8*$!
{
	archiveVersion = 1;
	classes = {
	};
	objectVersion = 48;
	objects = {

/* Begin PBXBuildFile section */
		7FDFB16B204B2DB7007D9E91 /* AppDelegate.swift in Sources */ = {isa = PBXBuildFile; fileRef = 7FDFB16A204B2DB7007D9E91 /* AppDelegate.swift */; };
		7FDFB16D204B2DB7007D9E91 /* ViewController.swift in Sources */ = {isa = PBXBuildFile; fileRef = 7FDFB16C204B2DB7007D9E91 /* ViewController.swift */; };
		7FDFB170204B2DB7007D9E91 /* Main.storyboard in Resources */ = {isa = PBXBuildFile; fileRef = 7FDFB16E204B2DB7007D9E91 /* Main.storyboard */; };
		7FDFB173204B2DB7007D9E91 /* Tutoring_App.xcdatamodeld in Sources */ = {isa = PBXBuildFile; fileRef = 7FDFB171204B2DB7007D9E91 /* Tutoring_App.xcdatamodeld */; };
		7FDFB175204B2DB7007D9E91 /* Assets.xcassets in Resources */ = {isa = PBXBuildFile; fileRef = 7FDFB174204B2DB7007D9E91 /* Assets.xcassets */; };
		7FDFB178204B2DB7007D9E91 /* LaunchScreen.storyboard in Resources */ = {isa = PBXBuildFile; fileRef = 7FDFB176204B2DB7007D9E91 /* LaunchScreen.storyboard */; };
		7FDFB183204B2DB7007D9E91 /* Tutoring_AppTests.swift in Sources */ = {isa = PBXBuildFile; fileRef = 7FDFB182204B2DB7007D9E91 /* Tutoring_AppTests.swift */; };
		7FDFB18E204B2DB8007D9E91 /* Tutoring_AppUITests.swift in Sources */ = {isa = PBXBuildFile; fileRef = 7FDFB18D204B2DB8007D9E91 /* Tutoring_AppUITests.swift */; };
		7FDFB19C204B3176007D9E91 /* ClassPickerViewController.swift in Sources */ = {isa = PBXBuildFile; fileRef = 7FDFB19B204B3176007D9E91 /* ClassPickerViewController.swift */; };
		7FDFB19E204B5677007D9E91 /* TutorTableViewController.swift in Sources */ = {isa = PBXBuildFile; fileRef = 7FDFB19D204B5677007D9E91 /* TutorTableViewController.swift */; };
		7FDFB1A0204B5CEF007D9E91 /* TutorCellTableViewCell.swift in Sources */ = {isa = PBXBuildFile; fileRef = 7FDFB19F204B5CEF007D9E91 /* TutorCellTableViewCell.swift */; };
		7FDFB1A2204B6325007D9E91 /* Tutor.swift in Sources */ = {isa = PBXBuildFile; fileRef = 7FDFB1A1204B6325007D9E91 /* Tutor.swift */; };
		7FDFB1A4204B7DB2007D9E91 /* tutorImage.jpg in Resources */ = {isa = PBXBuildFile; fileRef = 7FDFB1A3204B7DB2007D9E91 /* tutorImage.jpg */; };
		7FDFB1A6204B8CC2007D9E91 /* image.png in Resources */ = {isa = PBXBuildFile; fileRef = 7FDFB1A5204B8CC1007D9E91 /* image.png */; };
		7FDFB1A8204B9272007D9E91 /* TutorProfileViewController.swift in Sources */ = {isa = PBXBuildFile; fileRef = 7FDFB1A7204B9272007D9E91 /* TutorProfileViewController.swift */; };
		7FDFB1AA204B9EF2007D9E91 /* Star.png in Resources */ = {isa = PBXBuildFile; fileRef = 7FDFB1A9204B9EF2007D9E91 /* Star.png */; };
/* End PBXBuildFile section */

/* Begin PBXContainerItemProxy section */
		7FDFB17F204B2DB7007D9E91 /* PBXContainerItemProxy */ = {
			isa = PBXContainerItemProxy;
			containerPortal = 7FDFB15F204B2DB7007D9E91 /* Project object */;
			proxyType = 1;
			remoteGlobalIDString = 7FDFB166204B2DB7007D9E91;
			remoteInfo = "Tutoring App";
		};
		7FDFB18A204B2DB8007D9E91 /* PBXContainerItemProxy */ = {
			isa = PBXContainerItemProxy;
			containerPortal = 7FDFB15F204B2DB7007D9E91 /* Project object */;
			proxyType = 1;
			remoteGlobalIDString = 7FDFB166204B2DB7007D9E91;
			remoteInfo = "Tutoring App";
		};
/* End PBXContainerItemProxy section */

/* Begin PBXFileReference section */
		7FDFB167204B2DB7007D9E91 /* Tutoring App.app */ = {isa = PBXFileReference; explicitFileType = wrapper.application; includeInIndex = 0; path = "Tutoring App.app"; sourceTree = BUILT_PRODUCTS_DIR; };
		7FDFB16A204B2DB7007D9E91 /* AppDelegate.swift */ = {isa = PBXFileReference; lastKnownFileType = sourcecode.swift; path = AppDelegate.swift; sourceTree = "<group>"; };
		7FDFB16C204B2DB7007D9E91 /* ViewController.swift */ = {isa = PBXFileReference; lastKnownFileType = sourcecode.swift; path = ViewController.swift; sourceTree = "<group>"; };
		7FDFB16F204B2DB7007D9E91 /* Base */ = {isa = PBXFileReference; lastKnownFileType = file.storyboard; name = Base; path = Base.lproj/Main.storyboard; sourceTree = "<group>"; };
		7FDFB172204B2DB7007D9E91 /* Tutoring_App.xcdatamodel */ = {isa = PBXFileReference; lastKnownFileType = wrapper.xcdatamodel; path = Tutoring_App.xcdatamodel; sourceTree = "<group>"; };
		7FDFB174204B2DB7007D9E91 /* Assets.xcassets */ = {isa = PBXFileReference; lastKnownFileType = folder.assetcatalog; path = Assets.xcassets; sourceTree = "<group>"; };
		7FDFB177204B2DB7007D9E91 /* Base */ = {isa = PBXFileReference; lastKnownFileType = file.storyboard; name = Base; path = Base.lproj/LaunchScreen.storyboard; sourceTree = "<group>"; };
		7FDFB179204B2DB7007D9E91 /* Info.plist */ = {isa = PBXFileReference; lastKnownFileType = text.plist.xml; path = Info.plist; sourceTree = "<group>"; };
		7FDFB17E204B2DB7007D9E91 /* Tutoring AppTests.xctest */ = {isa = PBXFileReference; explicitFileType = wrapper.cfbundle; includeInIndex = 0; path = "Tutoring AppTests.xctest"; sourceTree = BUILT_PRODUCTS_DIR; };
		7FDFB182204B2DB7007D9E91 /* Tutoring_AppTests.swift */ = {isa = PBXFileReference; lastKnownFileType = sourcecode.swift; path = Tutoring_AppTests.swift; sourceTree = "<group>"; };
		7FDFB184204B2DB7007D9E91 /* Info.plist */ = {isa = PBXFileReference; lastKnownFileType = text.plist.xml; path = Info.plist; sourceTree = "<group>"; };
		7FDFB189204B2DB8007D9E91 /* Tutoring AppUITests.xctest */ = {isa = PBXFileReference; explicitFileType = wrapper.cfbundle; includeInIndex = 0; path = "Tutoring AppUITests.xctest"; sourceTree = BUILT_PRODUCTS_DIR; };
		7FDFB18D204B2DB8007D9E91 /* Tutoring_AppUITests.swift */ = {isa = PBXFileReference; lastKnownFileType = sourcecode.swift; path = Tutoring_AppUITests.swift; sourceTree = "<group>"; };
		7FDFB18F204B2DB8007D9E91 /* Info.plist */ = {isa = PBXFileReference; lastKnownFileType = text.plist.xml; path = Info.plist; sourceTree = "<group>"; };
		7FDFB19B204B3176007D9E91 /* ClassPickerViewController.swift */ = {isa = PBXFileReference; lastKnownFileType = sourcecode.swift; path = ClassPickerViewController.swift; sourceTree = "<group>"; };
		7FDFB19D204B5677007D9E91 /* TutorTableViewController.swift */ = {isa = PBXFileReference; lastKnownFileType = sourcecode.swift; path = TutorTableViewController.swift; sourceTree = "<group>"; };
		7FDFB19F204B5CEF007D9E91 /* TutorCellTableViewCell.swift */ = {isa = PBXFileReference; lastKnownFileType = sourcecode.swift; path = TutorCellTableViewCell.swift; sourceTree = "<group>"; };
		7FDFB1A1204B6325007D9E91 /* Tutor.swift */ = {isa = PBXFileReference; lastKnownFileType = sourcecode.swift; path = Tutor.swift; sourceTree = "<group>"; };
		7FDFB1A3204B7DB2007D9E91 /* tutorImage.jpg */ = {isa = PBXFileReference; lastKnownFileType = image.jpeg; path = tutorImage.jpg; sourceTree = "<group>"; };
		7FDFB1A5204B8CC1007D9E91 /* image.png */ = {isa = PBXFileReference; lastKnownFileType = image.png; path = image.png; sourceTree = "<group>"; };
		7FDFB1A7204B9272007D9E91 /* TutorProfileViewController.swift */ = {isa = PBXFileReference; lastKnownFileType = sourcecode.swift; path = TutorProfileViewController.swift; sourceTree = "<group>"; };
		7FDFB1A9204B9EF2007D9E91 /* Star.png */ = {isa = PBXFileReference; lastKnownFileType = image.png; path = Star.png; sourceTree = "<group>"; };
/* End PBXFileReference section */

/* Begin PBXFrameworksBuildPhase section */
		7FDFB164204B2DB7007D9E91 /* Frameworks */ = {
			isa = PBXFrameworksBuildPhase;
			buildActionMask = 2147483647;
			files = (
			);
			runOnlyForDeploymentPostprocessing = 0;
		};
		7FDFB17B204B2DB7007D9E91 /* Frameworks */ = {
			isa = PBXFrameworksBuildPhase;
			buildActionMask = 2147483647;
			files = (
			);
			runOnlyForDeploymentPostprocessing = 0;
		};
		7FDFB186204B2DB8007D9E91 /* Frameworks */ = {
			isa = PBXFrameworksBuildPhase;
			buildActionMask = 2147483647;
			files = (
			);
			runOnlyForDeploymentPostprocessing = 0;
		};
/* End PBXFrameworksBuildPhase section */

/* Begin PBXGroup section */
		7FDFB15E204B2DB7007D9E91 = {
			isa = PBXGroup;
			children = (
				7FDFB169204B2DB7007D9E91 /* Tutoring App */,
				7FDFB181204B2DB7007D9E91 /* Tutoring AppTests */,
				7FDFB18C204B2DB8007D9E91 /* Tutoring AppUITests */,
				7FDFB168204B2DB7007D9E91 /* Products */,
			);
			sourceTree = "<group>";
		};
		7FDFB168204B2DB7007D9E91 /* Products */ = {
			isa = PBXGroup;
			children = (
				7FDFB167204B2DB7007D9E91 /* Tutoring App.app */,
				7FDFB17E204B2DB7007D9E91 /* Tutoring AppTests.xctest */,
				7FDFB189204B2DB8007D9E91 /* Tutoring AppUITests.xctest */,
			);
			name = Products;
			sourceTree = "<group>";
		};
		7FDFB169204B2DB7007D9E91 /* Tutoring App */ = {
			isa = PBXGroup;
			children = (
				7FDFB16A204B2DB7007D9E91 /* AppDelegate.swift */,
				7FDFB16C204B2DB7007D9E91 /* ViewController.swift */,
				7FDFB19B204B3176007D9E91 /* ClassPickerViewController.swift */,
				7FDFB19D204B5677007D9E91 /* TutorTableViewController.swift */,
				7FDFB1A7204B9272007D9E91 /* TutorProfileViewController.swift */,
				7FDFB19F204B5CEF007D9E91 /* TutorCellTableViewCell.swift */,
				7FDFB1A3204B7DB2007D9E91 /* tutorImage.jpg */,
				7FDFB1A5204B8CC1007D9E91 /* image.png */,
				7FDFB1A9204B9EF2007D9E91 /* Star.png */,
				7FDFB1A1204B6325007D9E91 /* Tutor.swift */,
				7FDFB16E204B2DB7007D9E91 /* Main.storyboard */,
				7FDFB174204B2DB7007D9E91 /* Assets.xcassets */,
				7FDFB176204B2DB7007D9E91 /* LaunchScreen.storyboard */,
				7FDFB179204B2DB7007D9E91 /* Info.plist */,
				7FDFB171204B2DB7007D9E91 /* Tutoring_App.xcdatamodeld */,
			);
			path = "Tutoring App";
			sourceTree = "<group>";
		};
		7FDFB181204B2DB7007D9E91 /* Tutoring AppTests */ = {
			isa = PBXGroup;
			children = (
				7FDFB182204B2DB7007D9E91 /* Tutoring_AppTests.swift */,
				7FDFB184204B2DB7007D9E91 /* Info.plist */,
			);
			path = "Tutoring AppTests";
			sourceTree = "<group>";
		};
		7FDFB18C204B2DB8007D9E91 /* Tutoring AppUITests */ = {
			isa = PBXGroup;
			children = (
				7FDFB18D204B2DB8007D9E91 /* Tutoring_AppUITests.swift */,
				7FDFB18F204B2DB8007D9E91 /* Info.plist */,
			);
			path = "Tutoring AppUITests";
			sourceTree = "<group>";
		};
/* End PBXGroup section */

/* Begin PBXNativeTarget section */
		7FDFB166204B2DB7007D9E91 /* Tutoring App */ = {
			isa = PBXNativeTarget;
			buildConfigurationList = 7FDFB192204B2DB8007D9E91 /* Build configuration list for PBXNativeTarget "Tutoring App" */;
			buildPhases = (
				7FDFB163204B2DB7007D9E91 /* Sources */,
				7FDFB164204B2DB7007D9E91 /* Frameworks */,
				7FDFB165204B2DB7007D9E91 /* Resources */,
			);
			buildRules = (
			);
			dependencies = (
			);
			name = "Tutoring App";
			productName = "Tutoring App";
			productReference = 7FDFB167204B2DB7007D9E91 /* Tutoring App.app */;
			productType = "com.apple.product-type.application";
		};
		7FDFB17D204B2DB7007D9E91 /* Tutoring AppTests */ = {
			isa = PBXNativeTarget;
			buildConfigurationList = 7FDFB195204B2DB8007D9E91 /* Build configuration list for PBXNativeTarget "Tutoring AppTests" */;
			buildPhases = (
				7FDFB17A204B2DB7007D9E91 /* Sources */,
				7FDFB17B204B2DB7007D9E91 /* Frameworks */,
				7FDFB17C204B2DB7007D9E91 /* Resources */,
			);
			buildRules = (
			);
			dependencies = (
				7FDFB180204B2DB7007D9E91 /* PBXTargetDependency */,
			);
			name = "Tutoring AppTests";
			productName = "Tutoring AppTests";
			productReference = 7FDFB17E204B2DB7007D9E91 /* Tutoring AppTests.xctest */;
			productType = "com.apple.product-type.bundle.unit-test";
		};
		7FDFB188204B2DB8007D9E91 /* Tutoring AppUITests */ = {
			isa = PBXNativeTarget;
			buildConfigurationList = 7FDFB198204B2DB8007D9E91 /* Build configuration list for PBXNativeTarget "Tutoring AppUITests" */;
			buildPhases = (
				7FDFB185204B2DB8007D9E91 /* Sources */,
				7FDFB186204B2DB8007D9E91 /* Frameworks */,
				7FDFB187204B2DB8007D9E91 /* Resources */,
			);
			buildRules = (
			);
			dependencies = (
				7FDFB18B204B2DB8007D9E91 /* PBXTargetDependency */,
			);
			name = "Tutoring AppUITests";
			productName = "Tutoring AppUITests";
			productReference = 7FDFB189204B2DB8007D9E91 /* Tutoring AppUITests.xctest */;
			productType = "com.apple.product-type.bundle.ui-testing";
		};
/* End PBXNativeTarget section */

/* Begin PBXProject section */
		7FDFB15F204B2DB7007D9E91 /* Project object */ = {
			isa = PBXProject;
			attributes = {
				LastSwiftUpdateCheck = 0920;
				LastUpgradeCheck = 0920;
				ORGANIZATIONNAME = Esper;
				TargetAttributes = {
					7FDFB166204B2DB7007D9E91 = {
						CreatedOnToolsVersion = 9.2;
						ProvisioningStyle = Automatic;
					};
					7FDFB17D204B2DB7007D9E91 = {
						CreatedOnToolsVersion = 9.2;
						ProvisioningStyle = Automatic;
						TestTargetID = 7FDFB166204B2DB7007D9E91;
					};
					7FDFB188204B2DB8007D9E91 = {
						CreatedOnToolsVersion = 9.2;
						ProvisioningStyle = Automatic;
						TestTargetID = 7FDFB166204B2DB7007D9E91;
					};
				};
			};
			buildConfigurationList = 7FDFB162204B2DB7007D9E91 /* Build configuration list for PBXProject "Tutoring App" */;
			compatibilityVersion = "Xcode 8.0";
			developmentRegion = en;
			hasScannedForEncodings = 0;
			knownRegions = (
				en,
				Base,
			);
			mainGroup = 7FDFB15E204B2DB7007D9E91;
			productRefGroup = 7FDFB168204B2DB7007D9E91 /* Products */;
			projectDirPath = "";
			projectRoot = "";
			targets = (
				7FDFB166204B2DB7007D9E91 /* Tutoring App */,
				7FDFB17D204B2DB7007D9E91 /* Tutoring AppTests */,
				7FDFB188204B2DB8007D9E91 /* Tutoring AppUITests */,
			);
		};
/* End PBXProject section */

/* Begin PBXResourcesBuildPhase section */
		7FDFB165204B2DB7007D9E91 /* Resources */ = {
			isa = PBXResourcesBuildPhase;
			buildActionMask = 2147483647;
			files = (
				7FDFB178204B2DB7007D9E91 /* LaunchScreen.storyboard in Resources */,
				7FDFB175204B2DB7007D9E91 /* Assets.xcassets in Resources */,
				7FDFB1A4204B7DB2007D9E91 /* tutorImage.jpg in Resources */,
				7FDFB1AA204B9EF2007D9E91 /* Star.png in Resources */,
				7FDFB170204B2DB7007D9E91 /* Main.storyboard in Resources */,
				7FDFB1A6204B8CC2007D9E91 /* image.png in Resources */,
			);
			runOnlyForDeploymentPostprocessing = 0;
		};
		7FDFB17C204B2DB7007D9E91 /* Resources */ = {
			isa = PBXResourcesBuildPhase;
			buildActionMask = 2147483647;
			files = (
			);
			runOnlyForDeploymentPostprocessing = 0;
		};
		7FDFB187204B2DB8007D9E91 /* Resources */ = {
			isa = PBXResourcesBuildPhase;
			buildActionMask = 2147483647;
			files = (
			);
			runOnlyForDeploymentPostprocessing = 0;
		};
/* End PBXResourcesBuildPhase section */

/* Begin PBXSourcesBuildPhase section */
		7FDFB163204B2DB7007D9E91 /* Sources */ = {
			isa = PBXSourcesBuildPhase;
			buildActionMask = 2147483647;
			files = (
				7FDFB1A0204B5CEF007D9E91 /* TutorCellTableViewCell.swift in Sources */,
				7FDFB1A2204B6325007D9E91 /* Tutor.swift in Sources */,
				7FDFB1A8204B9272007D9E91 /* TutorProfileViewController.swift in Sources */,
				7FDFB19E204B5677007D9E91 /* TutorTableViewController.swift in Sources */,
				7FDFB173204B2DB7007D9E91 /* Tutoring_App.xcdatamodeld in Sources */,
				7FDFB19C204B3176007D9E91 /* ClassPickerViewController.swift in Sources */,
				7FDFB16D204B2DB7007D9E91 /* ViewController.swift in Sources */,
				7FDFB16B204B2DB7007D9E91 /* AppDelegate.swift in Sources */,
			);
			runOnlyForDeploymentPostprocessing = 0;
		};
		7FDFB17A204B2DB7007D9E91 /* Sources */ = {
			isa = PBXSourcesBuildPhase;
			buildActionMask = 2147483647;
			files = (
				7FDFB183204B2DB7007D9E91 /* Tutoring_AppTests.swift in Sources */,
			);
			runOnlyForDeploymentPostprocessing = 0;
		};
		7FDFB185204B2DB8007D9E91 /* Sources */ = {
			isa = PBXSourcesBuildPhase;
			buildActionMask = 2147483647;
			files = (
				7FDFB18E204B2DB8007D9E91 /* Tutoring_AppUITests.swift in Sources */,
			);
			runOnlyForDeploymentPostprocessing = 0;
		};
/* End PBXSourcesBuildPhase section */

/* Begin PBXTargetDependency section */
		7FDFB180204B2DB7007D9E91 /* PBXTargetDependency */ = {
			isa = PBXTargetDependency;
			target = 7FDFB166204B2DB7007D9E91 /* Tutoring App */;
			targetProxy = 7FDFB17F204B2DB7007D9E91 /* PBXContainerItemProxy */;
		};
		7FDFB18B204B2DB8007D9E91 /* PBXTargetDependency */ = {
			isa = PBXTargetDependency;
			target = 7FDFB166204B2DB7007D9E91 /* Tutoring App */;
			targetProxy = 7FDFB18A204B2DB8007D9E91 /* PBXContainerItemProxy */;
		};
/* End PBXTargetDependency section */

/* Begin PBXVariantGroup section */
		7FDFB16E204B2DB7007D9E91 /* Main.storyboard */ = {
			isa = PBXVariantGroup;
			children = (
				7FDFB16F204B2DB7007D9E91 /* Base */,
			);
			name = Main.storyboard;
			sourceTree = "<group>";
		};
		7FDFB176204B2DB7007D9E91 /* LaunchScreen.storyboard */ = {
			isa = PBXVariantGroup;
			children = (
				7FDFB177204B2DB7007D9E91 /* Base */,
			);
			name = LaunchScreen.storyboard;
			sourceTree = "<group>";
		};
/* End PBXVariantGroup section */

/* Begin XCBuildConfiguration section */
		7FDFB190204B2DB8007D9E91 /* Debug */ = {
			isa = XCBuildConfiguration;
			buildSettings = {
				ALWAYS_SEARCH_USER_PATHS = NO;
				CLANG_ANALYZER_NONNULL = YES;
				CLANG_ANALYZER_NUMBER_OBJECT_CONVERSION = YES_AGGRESSIVE;
				CLANG_CXX_LANGUAGE_STANDARD = "gnu++14";
				CLANG_CXX_LIBRARY = "libc++";
				CLANG_ENABLE_MODULES = YES;
				CLANG_ENABLE_OBJC_ARC = YES;
				CLANG_WARN_BLOCK_CAPTURE_AUTORELEASING = YES;
				CLANG_WARN_BOOL_CONVERSION = YES;
				CLANG_WARN_COMMA = YES;
				CLANG_WARN_CONSTANT_CONVERSION = YES;
				CLANG_WARN_DIRECT_OBJC_ISA_USAGE = YES_ERROR;
				CLANG_WARN_DOCUMENTATION_COMMENTS = YES;
				CLANG_WARN_EMPTY_BODY = YES;
				CLANG_WARN_ENUM_CONVERSION = YES;
				CLANG_WARN_INFINITE_RECURSION = YES;
				CLANG_WARN_INT_CONVERSION = YES;
				CLANG_WARN_NON_LITERAL_NULL_CONVERSION = YES;
				CLANG_WARN_OBJC_LITERAL_CONVERSION = YES;
				CLANG_WARN_OBJC_ROOT_CLASS = YES_ERROR;
				CLANG_WARN_RANGE_LOOP_ANALYSIS = YES;
				CLANG_WARN_STRICT_PROTOTYPES = YES;
				CLANG_WARN_SUSPICIOUS_MOVE = YES;
				CLANG_WARN_UNGUARDED_AVAILABILITY = YES_AGGRESSIVE;
				CLANG_WARN_UNREACHABLE_CODE = YES;
				CLANG_WARN__DUPLICATE_METHOD_MATCH = YES;
				CODE_SIGN_IDENTITY = "iPhone Developer";
				COPY_PHASE_STRIP = NO;
				DEBUG_INFORMATION_FORMAT = dwarf;
				ENABLE_STRICT_OBJC_MSGSEND = YES;
				ENABLE_TESTABILITY = YES;
				GCC_C_LANGUAGE_STANDARD = gnu11;
				GCC_DYNAMIC_NO_PIC = NO;
				GCC_NO_COMMON_BLOCKS = YES;
				GCC_OPTIMIZATION_LEVEL = 0;
				GCC_PREPROCESSOR_DEFINITIONS = (
					"DEBUG=1",
					"$(inherited)",
				);
				GCC_WARN_64_TO_32_BIT_CONVERSION = YES;
				GCC_WARN_ABOUT_RETURN_TYPE = YES_ERROR;
				GCC_WARN_UNDECLARED_SELECTOR = YES;
				GCC_WARN_UNINITIALIZED_AUTOS = YES_AGGRESSIVE;
				GCC_WARN_UNUSED_FUNCTION = YES;
				GCC_WARN_UNUSED_VARIABLE = YES;
				IPHONEOS_DEPLOYMENT_TARGET = 11.2;
				MTL_ENABLE_DEBUG_INFO = YES;
				ONLY_ACTIVE_ARCH = YES;
				SDKROOT = iphoneos;
				SWIFT_ACTIVE_COMPILATION_CONDITIONS = DEBUG;
				SWIFT_OPTIMIZATION_LEVEL = "-Onone";
			};
			name = Debug;
		};
		7FDFB191204B2DB8007D9E91 /* Release */ = {
			isa = XCBuildConfiguration;
			buildSettings = {
				ALWAYS_SEARCH_USER_PATHS = NO;
				CLANG_ANALYZER_NONNULL = YES;
				CLANG_ANALYZER_NUMBER_OBJECT_CONVERSION = YES_AGGRESSIVE;
				CLANG_CXX_LANGUAGE_STANDARD = "gnu++14";
				CLANG_CXX_LIBRARY = "libc++";
				CLANG_ENABLE_MODULES = YES;
				CLANG_ENABLE_OBJC_ARC = YES;
				CLANG_WARN_BLOCK_CAPTURE_AUTORELEASING = YES;
				CLANG_WARN_BOOL_CONVERSION = YES;
				CLANG_WARN_COMMA = YES;
				CLANG_WARN_CONSTANT_CONVERSION = YES;
				CLANG_WARN_DIRECT_OBJC_ISA_USAGE = YES_ERROR;
				CLANG_WARN_DOCUMENTATION_COMMENTS = YES;
				CLANG_WARN_EMPTY_BODY = YES;
				CLANG_WARN_ENUM_CONVERSION = YES;
				CLANG_WARN_INFINITE_RECURSION = YES;
				CLANG_WARN_INT_CONVERSION = YES;
				CLANG_WARN_NON_LITERAL_NULL_CONVERSION = YES;
				CLANG_WARN_OBJC_LITERAL_CONVERSION = YES;
				CLANG_WARN_OBJC_ROOT_CLASS = YES_ERROR;
				CLANG_WARN_RANGE_LOOP_ANALYSIS = YES;
				CLANG_WARN_STRICT_PROTOTYPES = YES;
				CLANG_WARN_SUSPICIOUS_MOVE = YES;
				CLANG_WARN_UNGUARDED_AVAILABILITY = YES_AGGRESSIVE;
				CLANG_WARN_UNREACHABLE_CODE = YES;
				CLANG_WARN__DUPLICATE_METHOD_MATCH = YES;
				CODE_SIGN_IDENTITY = "iPhone Developer";
				COPY_PHASE_STRIP = NO;
				DEBUG_INFORMATION_FORMAT = "dwarf-with-dsym";
				ENABLE_NS_ASSERTIONS = NO;
				ENABLE_STRICT_OBJC_MSGSEND = YES;
				GCC_C_LANGUAGE_STANDARD = gnu11;
				GCC_NO_COMMON_BLOCKS = YES;
				GCC_WARN_64_TO_32_BIT_CONVERSION = YES;
				GCC_WARN_ABOUT_RETURN_TYPE = YES_ERROR;
				GCC_WARN_UNDECLARED_SELECTOR = YES;
				GCC_WARN_UNINITIALIZED_AUTOS = YES_AGGRESSIVE;
				GCC_WARN_UNUSED_FUNCTION = YES;
				GCC_WARN_UNUSED_VARIABLE = YES;
				IPHONEOS_DEPLOYMENT_TARGET = 11.2;
				MTL_ENABLE_DEBUG_INFO = NO;
				SDKROOT = iphoneos;
				SWIFT_OPTIMIZATION_LEVEL = "-Owholemodule";
				VALIDATE_PRODUCT = YES;
			};
			name = Release;
		};
		7FDFB193204B2DB8007D9E91 /* Debug */ = {
			isa = XCBuildConfiguration;
			buildSettings = {
				ASSETCATALOG_COMPILER_APPICON_NAME = AppIcon;
				CODE_SIGN_STYLE = Automatic;
				DEVELOPMENT_TEAM = EJD538U5T2;
				INFOPLIST_FILE = "Tutoring App/Info.plist";
				LD_RUNPATH_SEARCH_PATHS = "$(inherited) @executable_path/Frameworks";
				PRODUCT_BUNDLE_IDENTIFIER = "com.Shubham.Tutoring-App";
				PRODUCT_NAME = "$(TARGET_NAME)";
				SWIFT_VERSION = 4.0;
				TARGETED_DEVICE_FAMILY = "1,2";
			};
			name = Debug;
		};
		7FDFB194204B2DB8007D9E91 /* Release */ = {
			isa = XCBuildConfiguration;
			buildSettings = {
				ASSETCATALOG_COMPILER_APPICON_NAME = AppIcon;
				CODE_SIGN_STYLE = Automatic;
				DEVELOPMENT_TEAM = EJD538U5T2;
				INFOPLIST_FILE = "Tutoring App/Info.plist";
				LD_RUNPATH_SEARCH_PATHS = "$(inherited) @executable_path/Frameworks";
				PRODUCT_BUNDLE_IDENTIFIER = "com.Shubham.Tutoring-App";
				PRODUCT_NAME = "$(TARGET_NAME)";
				SWIFT_VERSION = 4.0;
				TARGETED_DEVICE_FAMILY = "1,2";
			};
			name = Release;
		};
		7FDFB196204B2DB8007D9E91 /* Debug */ = {
			isa = XCBuildConfiguration;
			buildSettings = {
				ALWAYS_EMBED_SWIFT_STANDARD_LIBRARIES = YES;
				BUNDLE_LOADER = "$(TEST_HOST)";
				CODE_SIGN_STYLE = Automatic;
				DEVELOPMENT_TEAM = EJD538U5T2;
				INFOPLIST_FILE = "Tutoring AppTests/Info.plist";
				LD_RUNPATH_SEARCH_PATHS = "$(inherited) @executable_path/Frameworks @loader_path/Frameworks";
				PRODUCT_BUNDLE_IDENTIFIER = "com.Shubham.Tutoring-AppTests";
				PRODUCT_NAME = "$(TARGET_NAME)";
				SWIFT_VERSION = 4.0;
				TARGETED_DEVICE_FAMILY = "1,2";
				TEST_HOST = "$(BUILT_PRODUCTS_DIR)/Tutoring App.app/Tutoring App";
			};
			name = Debug;
		};
		7FDFB197204B2DB8007D9E91 /* Release */ = {
			isa = XCBuildConfiguration;
			buildSettings = {
				ALWAYS_EMBED_SWIFT_STANDARD_LIBRARIES = YES;
				BUNDLE_LOADER = "$(TEST_HOST)";
				CODE_SIGN_STYLE = Automatic;
				DEVELOPMENT_TEAM = EJD538U5T2;
				INFOPLIST_FILE = "Tutoring AppTests/Info.plist";
				LD_RUNPATH_SEARCH_PATHS = "$(inherited) @executable_path/Frameworks @loader_path/Frameworks";
				PRODUCT_BUNDLE_IDENTIFIER = "com.Shubham.Tutoring-AppTests";
				PRODUCT_NAME = "$(TARGET_NAME)";
				SWIFT_VERSION = 4.0;
				TARGETED_DEVICE_FAMILY = "1,2";
				TEST_HOST = "$(BUILT_PRODUCTS_DIR)/Tutoring App.app/Tutoring App";
			};
			name = Release;
		};
		7FDFB199204B2DB8007D9E91 /* Debug */ = {
			isa = XCBuildConfiguration;
			buildSettings = {
				ALWAYS_EMBED_SWIFT_STANDARD_LIBRARIES = YES;
				CODE_SIGN_STYLE = Automatic;
				DEVELOPMENT_TEAM = EJD538U5T2;
				INFOPLIST_FILE = "Tutoring AppUITests/Info.plist";
				LD_RUNPATH_SEARCH_PATHS = "$(inherited) @executable_path/Frameworks @loader_path/Frameworks";
				PRODUCT_BUNDLE_IDENTIFIER = "com.Shubham.Tutoring-AppUITests";
				PRODUCT_NAME = "$(TARGET_NAME)";
				SWIFT_VERSION = 4.0;
				TARGETED_DEVICE_FAMILY = "1,2";
				TEST_TARGET_NAME = "Tutoring App";
			};
			name = Debug;
		};
		7FDFB19A204B2DB8007D9E91 /* Release */ = {
			isa = XCBuildConfiguration;
			buildSettings = {
				ALWAYS_EMBED_SWIFT_STANDARD_LIBRARIES = YES;
				CODE_SIGN_STYLE = Automatic;
				DEVELOPMENT_TEAM = EJD538U5T2;
				INFOPLIST_FILE = "Tutoring AppUITests/Info.plist";
				LD_RUNPATH_SEARCH_PATHS = "$(inherited) @executable_path/Frameworks @loader_path/Frameworks";
				PRODUCT_BUNDLE_IDENTIFIER = "com.Shubham.Tutoring-AppUITests";
				PRODUCT_NAME = "$(TARGET_NAME)";
				SWIFT_VERSION = 4.0;
				TARGETED_DEVICE_FAMILY = "1,2";
				TEST_TARGET_NAME = "Tutoring App";
			};
			name = Release;
		};
/* End XCBuildConfiguration section */

/* Begin XCConfigurationList section */
		7FDFB162204B2DB7007D9E91 /* Build configuration list for PBXProject "Tutoring App" */ = {
			isa = XCConfigurationList;
			buildConfigurations = (
				7FDFB190204B2DB8007D9E91 /* Debug */,
				7FDFB191204B2DB8007D9E91 /* Release */,
			);
			defaultConfigurationIsVisible = 0;
			defaultConfigurationName = Release;
		};
		7FDFB192204B2DB8007D9E91 /* Build configuration list for PBXNativeTarget "Tutoring App" */ = {
			isa = XCConfigurationList;
			buildConfigurations = (
				7FDFB193204B2DB8007D9E91 /* Debug */,
				7FDFB194204B2DB8007D9E91 /* Release */,
			);
			defaultConfigurationIsVisible = 0;
			defaultConfigurationName = Release;
		};
		7FDFB195204B2DB8007D9E91 /* Build configuration list for PBXNativeTarget "Tutoring AppTests" */ = {
			isa = XCConfigurationList;
			buildConfigurations = (
				7FDFB196204B2DB8007D9E91 /* Debug */,
				7FDFB197204B2DB8007D9E91 /* Release */,
			);
			defaultConfigurationIsVisible = 0;
			defaultConfigurationName = Release;
		};
		7FDFB198204B2DB8007D9E91 /* Build configuration list for PBXNativeTarget "Tutoring AppUITests" */ = {
			isa = XCConfigurationList;
			buildConfigurations = (
				7FDFB199204B2DB8007D9E91 /* Debug */,
				7FDFB19A204B2DB8007D9E91 /* Release */,
			);
			defaultConfigurationIsVisible = 0;
			defaultConfigurationName = Release;
		};
/* End XCConfigurationList section */

/* Begin XCVersionGroup section */
		7FDFB171204B2DB7007D9E91 /* Tutoring_App.xcdatamodeld */ = {
			isa = XCVersionGroup;
			children = (
				7FDFB172204B2DB7007D9E91 /* Tutoring_App.xcdatamodel */,
			);
			currentVersion = 7FDFB172204B2DB7007D9E91 /* Tutoring_App.xcdatamodel */;
			path = Tutoring_App.xcdatamodeld;
			sourceTree = "<group>";
			versionGroupType = wrapper.xcdatamodel;
		};
/* End XCVersionGroup section */
	};
	rootObject = 7FDFB15F204B2DB7007D9E91 /* Project object */;
}
